
Microsoft Visual Studio Solution File, Format Version 12.00
# Visual Studio 14
VisualStudioVersion = 14.0.23107.0
MinimumVisualStudioVersion = 10.0.40219.1
Project("{FAE04EC0-301F-11D3-BF4B-00C04F79EFBC}") = "DeploymentDemo", "DeploymentDemo\DeploymentDemo.csproj", "{228F3644-F9F9-45D3-8201-5B37950CEEDA}"
EndProject
Global
	GlobalSection(SolutionConfigurationPlatforms) = preSolution
		Debug|Any CPU = Debug|Any CPU
		Release|Any CPU = Release|Any CPU
	EndGlobalSection
	GlobalSection(ProjectConfigurationPlatforms) = postSolution
		{228F3644-F9F9-45D3-8201-5B37950CEEDA}.Debug|Any CPU.ActiveCfg = Debug|Any CPU
		{228F3644-F9F9-45D3-8201-5B37950CEEDA}.Debug|Any CPU.Build.0 = Debug|Any CPU
		{228F3644-F9F9-45D3-8201-5B37950CEEDA}.Release|Any CPU.ActiveCfg = Release|Any CPU
		{228F3644-F9F9-45D3-8201-5B37950CEEDA}.Release|Any CPU.Build.0 = Release|Any CPU
	EndGlobalSection
	GlobalSection(SolutionProperties) = preSolution
		HideSolutionNode = FALSE
	EndGlobalSection
EndGlobal
